// !$*UTF8*$!
{
	archiveVersion = 1;
	classes = {
	};
	objectVersion = 46;
	objects = {

/* Begin PBXBuildFile section */
		50CEDDF31A44AD1B002FE48B /* AppDelegate.swift in Sources */ = {isa = PBXBuildFile; fileRef = 50CEDDF21A44AD1B002FE48B /* AppDelegate.swift */; };
		50CEDDF51A44AD1B002FE48B /* ViewController.swift in Sources */ = {isa = PBXBuildFile; fileRef = 50CEDDF41A44AD1B002FE48B /* ViewController.swift */; };
		50CEDDF81A44AD1B002FE48B /* Main.storyboard in Resources */ = {isa = PBXBuildFile; fileRef = 50CEDDF61A44AD1B002FE48B /* Main.storyboard */; };
		50CEDDFA1A44AD1B002FE48B /* Images.xcassets in Resources */ = {isa = PBXBuildFile; fileRef = 50CEDDF91A44AD1B002FE48B /* Images.xcassets */; };
		50CEDDFD1A44AD1B002FE48B /* LaunchScreen.xib in Resources */ = {isa = PBXBuildFile; fileRef = 50CEDDFB1A44AD1B002FE48B /* LaunchScreen.xib */; };
		50CEDE091A44AD1B002FE48B /* TicTacToeTests.swift in Sources */ = {isa = PBXBuildFile; fileRef = 50CEDE081A44AD1B002FE48B /* TicTacToeTests.swift */; };
/* End PBXBuildFile section */

/* Begin PBXContainerItemProxy section */
		50CEDE031A44AD1B002FE48B /* PBXContainerItemProxy */ = {
			isa = PBXContainerItemProxy;
			containerPortal = 50CEDDE51A44AD1B002FE48B /* Project object */;
			proxyType = 1;
			remoteGlobalIDString = 50CEDDEC1A44AD1B002FE48B;
			remoteInfo = TicTacToe;
		};
/* End PBXContainerItemProxy section */

/* Begin PBXFileReference section */
		50CEDDED1A44AD1B002FE48B /* TicTacToe.app */ = {isa = PBXFileReference; explicitFileType = wrapper.application; includeInIndex = 0; path = TicTacToe.app; sourceTree = BUILT_PRODUCTS_DIR; };
		50CEDDF11A44AD1B002FE48B /* Info.plist */ = {isa = PBXFileReference; lastKnownFileType = text.plist.xml; path = Info.plist; sourceTree = "<group>"; };
		50CEDDF21A44AD1B002FE48B /* AppDelegate.swift */ = {isa = PBXFileReference; lastKnownFileType = sourcecode.swift; path = AppDelegate.swift; sourceTree = "<group>"; };
		50CEDDF41A44AD1B002FE48B /* ViewController.swift */ = {isa = PBXFileReference; lastKnownFileType = sourcecode.swift; path = ViewController.swift; sourceTree = "<group>"; };
		50CEDDF71A44AD1B002FE48B /* Base */ = {isa = PBXFileReference; lastKnownFileType = file.storyboard; name = Base; path = Base.lproj/Main.storyboard; sourceTree = "<group>"; };
		50CEDDF91A44AD1B002FE48B /* Images.xcassets */ = {isa = PBXFileReference; lastKnownFileType = folder.assetcatalog; path = Images.xcassets; sourceTree = "<group>"; };
		50CEDDFC1A44AD1B002FE48B /* Base */ = {isa = PBXFileReference; lastKnownFileType = file.xib; name = Base; path = Base.lproj/LaunchScreen.xib; sourceTree = "<group>"; };
		50CEDE021A44AD1B002FE48B /* TicTacToeTests.xctest */ = {isa = PBXFileReference; explicitFileType = wrapper.cfbundle; includeInIndex = 0; path = TicTacToeTests.xctest; sourceTree = BUILT_PRODUCTS_DIR; };
		50CEDE071A44AD1B002FE48B /* Info.plist */ = {isa = PBXFileReference; lastKnownFileType = text.plist.xml; path = Info.plist; sourceTree = "<group>"; };
		50CEDE081A44AD1B002FE48B /* TicTacToeTests.swift */ = {isa = PBXFileReference; lastKnownFileType = sourcecode.swift; path = TicTacToeTests.swift; sourceTree = "<group>"; };
/* End PBXFileReference section */

/* Begin PBXFrameworksBuildPhase section */
		50CEDDEA1A44AD1B002FE48B /* Frameworks */ = {
			isa = PBXFrameworksBuildPhase;
			buildActionMask = 2147483647;
			files = (
			);
			runOnlyForDeploymentPostprocessing = 0;
		};
		50CEDDFF1A44AD1B002FE48B /* Frameworks */ = {
			isa = PBXFrameworksBuildPhase;
			buildActionMask = 2147483647;
			files = (
			);
			runOnlyForDeploymentPostprocessing = 0;
		};
/* End PBXFrameworksBuildPhase section */

/* Begin PBXGroup section */
		50CEDDE41A44AD1B002FE48B = {
			isa = PBXGroup;
			children = (
				50CEDDEF1A44AD1B002FE48B /* TicTacToe */,
				50CEDE051A44AD1B002FE48B /* TicTacToeTests */,
				50CEDDEE1A44AD1B002FE48B /* Products */,
			);
			sourceTree = "<group>";
		};
		50CEDDEE1A44AD1B002FE48B /* Products */ = {
			isa = PBXGroup;
			children = (
				50CEDDED1A44AD1B002FE48B /* TicTacToe.app */,
				50CEDE021A44AD1B002FE48B /* TicTacToeTests.xctest */,
			);
			name = Products;
			sourceTree = "<group>";
		};
		50CEDDEF1A44AD1B002FE48B /* TicTacToe */ = {
			isa = PBXGroup;
			children = (
				50CEDDF21A44AD1B002FE48B /* AppDelegate.swift */,
				50CEDDF41A44AD1B002FE48B /* ViewController.swift */,
				50CEDDF61A44AD1B002FE48B /* Main.storyboard */,
				50CEDDF91A44AD1B002FE48B /* Images.xcassets */,
				50CEDDFB1A44AD1B002FE48B /* LaunchScreen.xib */,
				50CEDDF01A44AD1B002FE48B /* Supporting Files */,
			);
			path = TicTacToe;
			sourceTree = "<group>";
		};
		50CEDDF01A44AD1B002FE48B /* Supporting Files */ = {
			isa = PBXGroup;
			children = (
				50CEDDF11A44AD1B002FE48B /* Info.plist */,
			);
			name = "Supporting Files";
			sourceTree = "<group>";
		};
		50CEDE051A44AD1B002FE48B /* TicTacToeTests */ = {
			isa = PBXGroup;
			children = (
				50CEDE081A44AD1B002FE48B /* TicTacToeTests.swift */,
				50CEDE061A44AD1B002FE48B /* Supporting Files */,
			);
			path = TicTacToeTests;
			sourceTree = "<group>";
		};
		50CEDE061A44AD1B002FE48B /* Supporting Files */ = {
			isa = PBXGroup;
			children = (
				50CEDE071A44AD1B002FE48B /* Info.plist */,
			);
			name = "Supporting Files";
			sourceTree = "<group>";
		};
/* End PBXGroup section */

/* Begin PBXNativeTarget section */
		50CEDDEC1A44AD1B002FE48B /* TicTacToe */ = {
			isa = PBXNativeTarget;
			buildConfigurationList = 50CEDE0C1A44AD1B002FE48B /* Build configuration list for PBXNativeTarget "TicTacToe" */;
			buildPhases = (
				50CEDDE91A44AD1B002FE48B /* Sources */,
				50CEDDEA1A44AD1B002FE48B /* Frameworks */,
				50CEDDEB1A44AD1B002FE48B /* Resources */,
			);
			buildRules = (
			);
			dependencies = (
			);
			name = TicTacToe;
			productName = TicTacToe;
			productReference = 50CEDDED1A44AD1B002FE48B /* TicTacToe.app */;
			productType = "com.apple.product-type.application";
		};
		50CEDE011A44AD1B002FE48B /* TicTacToeTests */ = {
			isa = PBXNativeTarget;
			buildConfigurationList = 50CEDE0F1A44AD1B002FE48B /* Build configuration list for PBXNativeTarget "TicTacToeTests" */;
			buildPhases = (
				50CEDDFE1A44AD1B002FE48B /* Sources */,
				50CEDDFF1A44AD1B002FE48B /* Frameworks */,
				50CEDE001A44AD1B002FE48B /* Resources */,
			);
			buildRules = (
			);
			dependencies = (
				50CEDE041A44AD1B002FE48B /* PBXTargetDependency */,
			);
			name = TicTacToeTests;
			productName = TicTacToeTests;
			productReference = 50CEDE021A44AD1B002FE48B /* TicTacToeTests.xctest */;
			productType = "com.apple.product-type.bundle.unit-test";
		};
/* End PBXNativeTarget section */

/* Begin PBXProject section */
		50CEDDE51A44AD1B002FE48B /* Project object */ = {
			isa = PBXProject;
			attributes = {
				LastUpgradeCheck = 0610;
				ORGANIZATIONNAME = "Giles Van Gruisen";
				TargetAttributes = {
					50CEDDEC1A44AD1B002FE48B = {
						CreatedOnToolsVersion = 6.1;
					};
					50CEDE011A44AD1B002FE48B = {
						CreatedOnToolsVersion = 6.1;
						TestTargetID = 50CEDDEC1A44AD1B002FE48B;
					};
				};
			};
			buildConfigurationList = 50CEDDE81A44AD1B002FE48B /* Build configuration list for PBXProject "TicTacToe" */;
			compatibilityVersion = "Xcode 3.2";
			developmentRegion = English;
			hasScannedForEncodings = 0;
			knownRegions = (
				en,
				Base,
			);
			mainGroup = 50CEDDE41A44AD1B002FE48B;
			productRefGroup = 50CEDDEE1A44AD1B002FE48B /* Products */;
			projectDirPath = "";
			projectRoot = "";
			targets = (
				50CEDDEC1A44AD1B002FE48B /* TicTacToe */,
				50CEDE011A44AD1B002FE48B /* TicTacToeTests */,
			);
		};
/* End PBXProject section */

/* Begin PBXResourcesBuildPhase section */
		50CEDDEB1A44AD1B002FE48B /* Resources */ = {
			isa = PBXResourcesBuildPhase;
			buildActionMask = 2147483647;
			files = (
				50CEDDF81A44AD1B002FE48B /* Main.storyboard in Resources */,
				50CEDDFD1A44AD1B002FE48B /* LaunchScreen.xib in Resources */,
				50CEDDFA1A44AD1B002FE48B /* Images.xcassets in Resources */,
			);
			runOnlyForDeploymentPostprocessing = 0;
		};
		50CEDE001A44AD1B002FE48B /* Resources */ = {
			isa = PBXResourcesBuildPhase;
			buildActionMask = 2147483647;
			files = (
			);
			runOnlyForDeploymentPostprocessing = 0;
		};
/* End PBXResourcesBuildPhase section */

/* Begin PBXSourcesBuildPhase section */
		50CEDDE91A44AD1B002FE48B /* Sources */ = {
			isa = PBXSourcesBuildPhase;
			buildActionMask = 2147483647;
			files = (
				50CEDDF51A44AD1B002FE48B /* ViewController.swift in Sources */,
				50CEDDF31A44AD1B002FE48B /* AppDelegate.swift in Sources */,
			);
			runOnlyForDeploymentPostprocessing = 0;
		};
		50CEDDFE1A44AD1B002FE48B /* Sources */ = {
			isa = PBXSourcesBuildPhase;
			buildActionMask = 2147483647;
			files = (
				50CEDE091A44AD1B002FE48B /* TicTacToeTests.swift in Sources */,
			);
			runOnlyForDeploymentPostprocessing = 0;
		};
/* End PBXSourcesBuildPhase section */

/* Begin PBXTargetDependency section */
		50CEDE041A44AD1B002FE48B /* PBXTargetDependency */ = {
			isa = PBXTargetDependency;
			target = 50CEDDEC1A44AD1B002FE48B /* TicTacToe */;
			targetProxy = 50CEDE031A44AD1B002FE48B /* PBXContainerItemProxy */;
		};
/* End PBXTargetDependency section */

/* Begin PBXVariantGroup section */
		50CEDDF61A44AD1B002FE48B /* Main.storyboard */ = {
			isa = PBXVariantGroup;
			children = (
				50CEDDF71A44AD1B002FE48B /* Base */,
			);
			name = Main.storyboard;
			sourceTree = "<group>";
		};
		50CEDDFB1A44AD1B002FE48B /* LaunchScreen.xib */ = {
			isa = PBXVariantGroup;
			children = (
				50CEDDFC1A44AD1B002FE48B /* Base */,
			);
			name = LaunchScreen.xib;
			sourceTree = "<group>";
		};
/* End PBXVariantGroup section */

/* Begin XCBuildConfiguration section */
		50CEDE0A1A44AD1B002FE48B /* Debug */ = {
			isa = XCBuildConfiguration;
			buildSettings = {
				ALWAYS_SEARCH_USER_PATHS = NO;
				CLANG_CXX_LANGUAGE_STANDARD = "gnu++0x";
				CLANG_CXX_LIBRARY = "libc++";
				CLANG_ENABLE_MODULES = YES;
				CLANG_ENABLE_OBJC_ARC = YES;
				CLANG_WARN_BOOL_CONVERSION = YES;
				CLANG_WARN_CONSTANT_CONVERSION = YES;
				CLANG_WARN_DIRECT_OBJC_ISA_USAGE = YES_ERROR;
				CLANG_WARN_EMPTY_BODY = YES;
				CLANG_WARN_ENUM_CONVERSION = YES;
				CLANG_WARN_INT_CONVERSION = YES;
				CLANG_WARN_OBJC_ROOT_CLASS = YES_ERROR;
				CLANG_WARN_UNREACHABLE_CODE = YES;
				CLANG_WARN__DUPLICATE_METHOD_MATCH = YES;
				"CODE_SIGN_IDENTITY[sdk=iphoneos*]" = "iPhone Developer";
				COPY_PHASE_STRIP = NO;
				ENABLE_STRICT_OBJC_MSGSEND = YES;
				GCC_C_LANGUAGE_STANDARD = gnu99;
				GCC_DYNAMIC_NO_PIC = NO;
				GCC_OPTIMIZATION_LEVEL = 0;
				GCC_PREPROCESSOR_DEFINITIONS = (
					"DEBUG=1",
					"$(inherited)",
				);
				GCC_SYMBOLS_PRIVATE_EXTERN = NO;
				GCC_WARN_64_TO_32_BIT_CONVERSION = YES;
				GCC_WARN_ABOUT_RETURN_TYPE = YES_ERROR;
				GCC_WARN_UNDECLARED_SELECTOR = YES;
				GCC_WARN_UNINITIALIZED_AUTOS = YES_AGGRESSIVE;
				GCC_WARN_UNUSED_FUNCTION = YES;
				GCC_WARN_UNUSED_VARIABLE = YES;
				IPHONEOS_DEPLOYMENT_TARGET = 8.1;
				MTL_ENABLE_DEBUG_INFO = YES;
				ONLY_ACTIVE_ARCH = YES;
				SDKROOT = iphoneos;
				SWIFT_OPTIMIZATION_LEVEL = "-Onone";
			};
			name = Debug;
		};
		50CEDE0B1A44AD1B002FE48B /* Release */ = {
			isa = XCBuildConfiguration;
			buildSettings = {
				ALWAYS_SEARCH_USER_PATHS = NO;
				CLANG_CXX_LANGUAGE_STANDARD = "gnu++0x";
				CLANG_CXX_LIBRARY = "libc++";
				CLANG_ENABLE_MODULES = YES;
				CLANG_ENABLE_OBJC_ARC = YES;
				CLANG_WARN_BOOL_CONVERSION = YES;
				CLANG_WARN_CONSTANT_CONVERSION = YES;
				CLANG_WARN_DIRECT_OBJC_ISA_USAGE = YES_ERROR;
				CLANG_WARN_EMPTY_BODY = YES;
				CLANG_WARN_ENUM_CONVERSION = YES;
				CLANG_WARN_INT_CONVERSION = YES;
				CLANG_WARN_OBJC_ROOT_CLASS = YES_ERROR;
				CLANG_WARN_UNREACHABLE_CODE = YES;
				CLANG_WARN__DUPLICATE_METHOD_MATCH = YES;
				"CODE_SIGN_IDENTITY[sdk=iphoneos*]" = "iPhone Developer";
				COPY_PHASE_STRIP = YES;
				ENABLE_NS_ASSERTIONS = NO;
				ENABLE_STRICT_OBJC_MSGSEND = YES;
				GCC_C_LANGUAGE_STANDARD = gnu99;
				GCC_WARN_64_TO_32_BIT_CONVERSION = YES;
				GCC_WARN_ABOUT_RETURN_TYPE = YES_ERROR;
				GCC_WARN_UNDECLARED_SELECTOR = YES;
				GCC_WARN_UNINITIALIZED_AUTOS = YES_AGGRESSIVE;
				GCC_WARN_UNUSED_FUNCTION = YES;
				GCC_WARN_UNUSED_VARIABLE = YES;
				IPHONEOS_DEPLOYMENT_TARGET = 8.1;
				MTL_ENABLE_DEBUG_INFO = NO;
				SDKROOT = iphoneos;
				VALIDATE_PRODUCT = YES;
			};
			name = Release;
		};
		50CEDE0D1A44AD1B002FE48B /* Debug */ = {
			isa = XCBuildConfiguration;
			buildSettings = {
				ASSETCATALOG_COMPILER_APPICON_NAME = AppIcon;
				INFOPLIST_FILE = TicTacToe/Info.plist;
				LD_RUNPATH_SEARCH_PATHS = "$(inherited) @executable_path/Frameworks";
				PRODUCT_NAME = "$(TARGET_NAME)";
			};
			name = Debug;
		};
		50CEDE0E1A44AD1B002FE48B /* Release */ = {
			isa = XCBuildConfiguration;
			buildSettings = {
				ASSETCATALOG_COMPILER_APPICON_NAME = AppIcon;
				INFOPLIST_FILE = TicTacToe/Info.plist;
				LD_RUNPATH_SEARCH_PATHS = "$(inherited) @executable_path/Frameworks";
				PRODUCT_NAME = "$(TARGET_NAME)";
			};
			name = Release;
		};
		50CEDE101A44AD1B002FE48B /* Debug */ = {
			isa = XCBuildConfiguration;
			buildSettings = {
				BUNDLE_LOADER = "$(TEST_HOST)";
				FRAMEWORK_SEARCH_PATHS = (
					"$(SDKROOT)/Developer/Library/Frameworks",
					"$(inherited)",
				);
				GCC_PREPROCESSOR_DEFINITIONS = (
					"DEBUG=1",
					"$(inherited)",
				);
				INFOPLIST_FILE = TicTacToeTests/Info.plist;
				LD_RUNPATH_SEARCH_PATHS = "$(inherited) @executable_path/Frameworks @loader_path/Frameworks";
				PRODUCT_NAME = "$(TARGET_NAME)";
				TEST_HOST = "$(BUILT_PRODUCTS_DIR)/TicTacToe.app/TicTacToe";
			};
			name = Debug;
		};
		50CEDE111A44AD1B002FE48B /* Release */ = {
			isa = XCBuildConfiguration;
			buildSettings = {
				BUNDLE_LOADER = "$(TEST_HOST)";
				FRAMEWORK_SEARCH_PATHS = (
					"$(SDKROOT)/Developer/Library/Frameworks",
					"$(inherited)",
				);
				INFOPLIST_FILE = TicTacToeTests/Info.plist;
				LD_RUNPATH_SEARCH_PATHS = "$(inherited) @executable_path/Frameworks @loader_path/Frameworks";
				PRODUCT_NAME = "$(TARGET_NAME)";
				TEST_HOST = "$(BUILT_PRODUCTS_DIR)/TicTacToe.app/TicTacToe";
			};
			name = Release;
		};
/* End XCBuildConfiguration section */

/* Begin XCConfigurationList section */
		50CEDDE81A44AD1B002FE48B /* Build configuration list for PBXProject "TicTacToe" */ = {
			isa = XCConfigurationList;
			buildConfigurations = (
				50CEDE0A1A44AD1B002FE48B /* Debug */,
				50CEDE0B1A44AD1B002FE48B /* Release */,
			);
			defaultConfigurationIsVisible = 0;
			defaultConfigurationName = Release;
		};
		50CEDE0C1A44AD1B002FE48B /* Build configuration list for PBXNativeTarget "TicTacToe" */ = {
			isa = XCConfigurationList;
			buildConfigurations = (
				50CEDE0D1A44AD1B002FE48B /* Debug */,
				50CEDE0E1A44AD1B002FE48B /* Release */,
			);
			defaultConfigurationIsVisible = 0;
		};
		50CEDE0F1A44AD1B002FE48B /* Build configuration list for PBXNativeTarget "TicTacToeTests" */ = {
			isa = XCConfigurationList;
			buildConfigurations = (
				50CEDE101A44AD1B002FE48B /* Debug */,
				50CEDE111A44AD1B002FE48B /* Release */,
			);
			defaultConfigurationIsVisible = 0;
		};
/* End XCConfigurationList section */
	};
	rootObject = 50CEDDE51A44AD1B002FE48B /* Project object */;
}
